
Microsoft Visual Studio Solution File, Format Version 12.00
# Visual Studio Version 16
VisualStudioVersion = 16.0.30804.86
MinimumVisualStudioVersion = 10.0.40219.1
Project("{FAE04EC0-301F-11D3-BF4B-00C04F79EFBC}") = "ExcellentResult", "ExcellentResult\ExcellentResult.csproj", "{AD4FECA8-30A9-4449-AA77-557B103B5994}"
EndProject
Project("{FAE04EC0-301F-11D3-BF4B-00C04F79EFBC}") = "GreaterNumber", "GreaterNumber\GreaterNumber.csproj", "{FB86CB0B-45E0-4C78-A3AB-D42EB86C4595}"
EndProject
Project("{FAE04EC0-301F-11D3-BF4B-00C04F79EFBC}") = "EvenOrOdd", "EvenOrOdd\EvenOrOdd.csproj", "{7EFC0FC8-C501-497A-99B6-ED937A8CD7EF}"
EndProject
Project("{FAE04EC0-301F-11D3-BF4B-00C04F79EFBC}") = "Number100-200", "Number100-200\Number100-200.csproj", "{9A06F65F-B394-4C42-8AA6-75C9461AE550}"
EndProject
Project("{FAE04EC0-301F-11D3-BF4B-00C04F79EFBC}") = "PasswordGuess", "PasswordGuess\PasswordGuess.csproj", "{1C1C43A1-A1F9-4C05-B521-69FBFA4B96E7}"
EndProject
Project("{FAE04EC0-301F-11D3-BF4B-00C04F79EFBC}") = "AreaOfFigures", "AreaOfFigures\AreaOfFigures.csproj", "{E3C6FCBB-40FD-4DB1-A271-77DE88968B6E}"
EndProject
Project("{FAE04EC0-301F-11D3-BF4B-00C04F79EFBC}") = "ToyShop", "ToyShop\ToyShop.csproj", "{4C02B724-9348-4F7F-9342-58277301D613}"
EndProject
Global
	GlobalSection(SolutionConfigurationPlatforms) = preSolution
		Debug|Any CPU = Debug|Any CPU
		Release|Any CPU = Release|Any CPU
	EndGlobalSection
	GlobalSection(ProjectConfigurationPlatforms) = postSolution
		{AD4FECA8-30A9-4449-AA77-557B103B5994}.Debug|Any CPU.ActiveCfg = Debug|Any CPU
		{AD4FECA8-30A9-4449-AA77-557B103B5994}.Debug|Any CPU.Build.0 = Debug|Any CPU
		{AD4FECA8-30A9-4449-AA77-557B103B5994}.Release|Any CPU.ActiveCfg = Release|Any CPU
		{AD4FECA8-30A9-4449-AA77-557B103B5994}.Release|Any CPU.Build.0 = Release|Any CPU
		{FB86CB0B-45E0-4C78-A3AB-D42EB86C4595}.Debug|Any CPU.ActiveCfg = Debug|Any CPU
		{FB86CB0B-45E0-4C78-A3AB-D42EB86C4595}.Debug|Any CPU.Build.0 = Debug|Any CPU
		{FB86CB0B-45E0-4C78-A3AB-D42EB86C4595}.Release|Any CPU.ActiveCfg = Release|Any CPU
		{FB86CB0B-45E0-4C78-A3AB-D42EB86C4595}.Release|Any CPU.Build.0 = Release|Any CPU
		{7EFC0FC8-C501-497A-99B6-ED937A8CD7EF}.Debug|Any CPU.ActiveCfg = Debug|Any CPU
		{7EFC0FC8-C501-497A-99B6-ED937A8CD7EF}.Debug|Any CPU.Build.0 = Debug|Any CPU
		{7EFC0FC8-C501-497A-99B6-ED937A8CD7EF}.Release|Any CPU.ActiveCfg = Release|Any CPU
		{7EFC0FC8-C501-497A-99B6-ED937A8CD7EF}.Release|Any CPU.Build.0 = Release|Any CPU
		{9A06F65F-B394-4C42-8AA6-75C9461AE550}.Debug|Any CPU.ActiveCfg = Debug|Any CPU
		{9A06F65F-B394-4C42-8AA6-75C9461AE550}.Debug|Any CPU.Build.0 = Debug|Any CPU
		{9A06F65F-B394-4C42-8AA6-75C9461AE550}.Release|Any CPU.ActiveCfg = Release|Any CPU
		{9A06F65F-B394-4C42-8AA6-75C9461AE550}.Release|Any CPU.Build.0 = Release|Any CPU
		{1C1C43A1-A1F9-4C05-B521-69FBFA4B96E7}.Debug|Any CPU.ActiveCfg = Debug|Any CPU
		{1C1C43A1-A1F9-4C05-B521-69FBFA4B96E7}.Debug|Any CPU.Build.0 = Debug|Any CPU
		{1C1C43A1-A1F9-4C05-B521-69FBFA4B96E7}.Release|Any CPU.ActiveCfg = Release|Any CPU
		{1C1C43A1-A1F9-4C05-B521-69FBFA4B96E7}.Release|Any CPU.Build.0 = Release|Any CPU
		{E3C6FCBB-40FD-4DB1-A271-77DE88968B6E}.Debug|Any CPU.ActiveCfg = Debug|Any CPU
		{E3C6FCBB-40FD-4DB1-A271-77DE88968B6E}.Debug|Any CPU.Build.0 = Debug|Any CPU
		{E3C6FCBB-40FD-4DB1-A271-77DE88968B6E}.Release|Any CPU.ActiveCfg = Release|Any CPU
		{E3C6FCBB-40FD-4DB1-A271-77DE88968B6E}.Release|Any CPU.Build.0 = Release|Any CPU
		{4C02B724-9348-4F7F-9342-58277301D613}.Debug|Any CPU.ActiveCfg = Debug|Any CPU
		{4C02B724-9348-4F7F-9342-58277301D613}.Debug|Any CPU.Build.0 = Debug|Any CPU
		{4C02B724-9348-4F7F-9342-58277301D613}.Release|Any CPU.ActiveCfg = Release|Any CPU
		{4C02B724-9348-4F7F-9342-58277301D613}.Release|Any CPU.Build.0 = Release|Any CPU
	EndGlobalSection
	GlobalSection(SolutionProperties) = preSolution
		HideSolutionNode = FALSE
	EndGlobalSection
	GlobalSection(ExtensibilityGlobals) = postSolution
		SolutionGuid = {1184284B-D39B-454B-9DDA-294B5ED28DF9}
	EndGlobalSection
EndGlobal
